// !$*UTF8*$!
{
	archiveVersion = 1;
	classes = {
	};
	objectVersion = 48;
	objects = {

/* Begin PBXBuildFile section */
		7A47117E209FF70200A46035 /* AppDelegate.swift in Sources */ = {isa = PBXBuildFile; fileRef = 7A47117D209FF70200A46035 /* AppDelegate.swift */; };
		7A471180209FF70200A46035 /* ViewController.swift in Sources */ = {isa = PBXBuildFile; fileRef = 7A47117F209FF70200A46035 /* ViewController.swift */; };
		7A471183209FF70200A46035 /* Main.storyboard in Resources */ = {isa = PBXBuildFile; fileRef = 7A471181209FF70200A46035 /* Main.storyboard */; };
		7A471185209FF70200A46035 /* Assets.xcassets in Resources */ = {isa = PBXBuildFile; fileRef = 7A471184209FF70200A46035 /* Assets.xcassets */; };
		7A471188209FF70200A46035 /* LaunchScreen.storyboard in Resources */ = {isa = PBXBuildFile; fileRef = 7A471186209FF70200A46035 /* LaunchScreen.storyboard */; };
		7A471193209FF70200A46035 /* AppTest2Tests.swift in Sources */ = {isa = PBXBuildFile; fileRef = 7A471192209FF70200A46035 /* AppTest2Tests.swift */; };
		7A47119E209FF70300A46035 /* AppTest2UITests.swift in Sources */ = {isa = PBXBuildFile; fileRef = 7A47119D209FF70300A46035 /* AppTest2UITests.swift */; };
/* End PBXBuildFile section */

/* Begin PBXContainerItemProxy section */
		7A47118F209FF70200A46035 /* PBXContainerItemProxy */ = {
			isa = PBXContainerItemProxy;
			containerPortal = 7A471172209FF70200A46035 /* Project object */;
			proxyType = 1;
			remoteGlobalIDString = 7A471179209FF70200A46035;
			remoteInfo = AppTest2;
		};
		7A47119A209FF70300A46035 /* PBXContainerItemProxy */ = {
			isa = PBXContainerItemProxy;
			containerPortal = 7A471172209FF70200A46035 /* Project object */;
			proxyType = 1;
			remoteGlobalIDString = 7A471179209FF70200A46035;
			remoteInfo = AppTest2;
		};
/* End PBXContainerItemProxy section */

/* Begin PBXFileReference section */
		7A47117A209FF70200A46035 /* AppTest2.app */ = {isa = PBXFileReference; explicitFileType = wrapper.application; includeInIndex = 0; path = AppTest2.app; sourceTree = BUILT_PRODUCTS_DIR; };
		7A47117D209FF70200A46035 /* AppDelegate.swift */ = {isa = PBXFileReference; lastKnownFileType = sourcecode.swift; path = AppDelegate.swift; sourceTree = "<group>"; };
		7A47117F209FF70200A46035 /* ViewController.swift */ = {isa = PBXFileReference; lastKnownFileType = sourcecode.swift; path = ViewController.swift; sourceTree = "<group>"; };
		7A471182209FF70200A46035 /* Base */ = {isa = PBXFileReference; lastKnownFileType = file.storyboard; name = Base; path = Base.lproj/Main.storyboard; sourceTree = "<group>"; };
		7A471184209FF70200A46035 /* Assets.xcassets */ = {isa = PBXFileReference; lastKnownFileType = folder.assetcatalog; path = Assets.xcassets; sourceTree = "<group>"; };
		7A471187209FF70200A46035 /* Base */ = {isa = PBXFileReference; lastKnownFileType = file.storyboard; name = Base; path = Base.lproj/LaunchScreen.storyboard; sourceTree = "<group>"; };
		7A471189209FF70200A46035 /* Info.plist */ = {isa = PBXFileReference; lastKnownFileType = text.plist.xml; path = Info.plist; sourceTree = "<group>"; };
		7A47118E209FF70200A46035 /* AppTest2Tests.xctest */ = {isa = PBXFileReference; explicitFileType = wrapper.cfbundle; includeInIndex = 0; path = AppTest2Tests.xctest; sourceTree = BUILT_PRODUCTS_DIR; };
		7A471192209FF70200A46035 /* AppTest2Tests.swift */ = {isa = PBXFileReference; lastKnownFileType = sourcecode.swift; path = AppTest2Tests.swift; sourceTree = "<group>"; };
		7A471194209FF70200A46035 /* Info.plist */ = {isa = PBXFileReference; lastKnownFileType = text.plist.xml; path = Info.plist; sourceTree = "<group>"; };
		7A471199209FF70300A46035 /* AppTest2UITests.xctest */ = {isa = PBXFileReference; explicitFileType = wrapper.cfbundle; includeInIndex = 0; path = AppTest2UITests.xctest; sourceTree = BUILT_PRODUCTS_DIR; };
		7A47119D209FF70300A46035 /* AppTest2UITests.swift */ = {isa = PBXFileReference; lastKnownFileType = sourcecode.swift; path = AppTest2UITests.swift; sourceTree = "<group>"; };
		7A47119F209FF70300A46035 /* Info.plist */ = {isa = PBXFileReference; lastKnownFileType = text.plist.xml; path = Info.plist; sourceTree = "<group>"; };
/* End PBXFileReference section */

/* Begin PBXFrameworksBuildPhase section */
		7A471177209FF70200A46035 /* Frameworks */ = {
			isa = PBXFrameworksBuildPhase;
			buildActionMask = 2147483647;
			files = (
			);
			runOnlyForDeploymentPostprocessing = 0;
		};
		7A47118B209FF70200A46035 /* Frameworks */ = {
			isa = PBXFrameworksBuildPhase;
			buildActionMask = 2147483647;
			files = (
			);
			runOnlyForDeploymentPostprocessing = 0;
		};
		7A471196209FF70300A46035 /* Frameworks */ = {
			isa = PBXFrameworksBuildPhase;
			buildActionMask = 2147483647;
			files = (
			);
			runOnlyForDeploymentPostprocessing = 0;
		};
/* End PBXFrameworksBuildPhase section */

/* Begin PBXGroup section */
		7A471171209FF70200A46035 = {
			isa = PBXGroup;
			children = (
				7A47117C209FF70200A46035 /* AppTest2 */,
				7A471191209FF70200A46035 /* AppTest2Tests */,
				7A47119C209FF70300A46035 /* AppTest2UITests */,
				7A47117B209FF70200A46035 /* Products */,
			);
			sourceTree = "<group>";
		};
		7A47117B209FF70200A46035 /* Products */ = {
			isa = PBXGroup;
			children = (
				7A47117A209FF70200A46035 /* AppTest2.app */,
				7A47118E209FF70200A46035 /* AppTest2Tests.xctest */,
				7A471199209FF70300A46035 /* AppTest2UITests.xctest */,
			);
			name = Products;
			sourceTree = "<group>";
		};
		7A47117C209FF70200A46035 /* AppTest2 */ = {
			isa = PBXGroup;
			children = (
				7A47117D209FF70200A46035 /* AppDelegate.swift */,
				7A47117F209FF70200A46035 /* ViewController.swift */,
				7A471181209FF70200A46035 /* Main.storyboard */,
				7A471184209FF70200A46035 /* Assets.xcassets */,
				7A471186209FF70200A46035 /* LaunchScreen.storyboard */,
				7A471189209FF70200A46035 /* Info.plist */,
			);
			path = AppTest2;
			sourceTree = "<group>";
		};
		7A471191209FF70200A46035 /* AppTest2Tests */ = {
			isa = PBXGroup;
			children = (
				7A471192209FF70200A46035 /* AppTest2Tests.swift */,
				7A471194209FF70200A46035 /* Info.plist */,
			);
			path = AppTest2Tests;
			sourceTree = "<group>";
		};
		7A47119C209FF70300A46035 /* AppTest2UITests */ = {
			isa = PBXGroup;
			children = (
				7A47119D209FF70300A46035 /* AppTest2UITests.swift */,
				7A47119F209FF70300A46035 /* Info.plist */,
			);
			path = AppTest2UITests;
			sourceTree = "<group>";
		};
/* End PBXGroup section */

/* Begin PBXNativeTarget section */
		7A471179209FF70200A46035 /* AppTest2 */ = {
			isa = PBXNativeTarget;
			buildConfigurationList = 7A4711A2209FF70300A46035 /* Build configuration list for PBXNativeTarget "AppTest2" */;
			buildPhases = (
				7A471176209FF70200A46035 /* Sources */,
				7A471177209FF70200A46035 /* Frameworks */,
				7A471178209FF70200A46035 /* Resources */,
			);
			buildRules = (
			);
			dependencies = (
			);
			name = AppTest2;
			productName = AppTest2;
			productReference = 7A47117A209FF70200A46035 /* AppTest2.app */;
			productType = "com.apple.product-type.application";
		};
		7A47118D209FF70200A46035 /* AppTest2Tests */ = {
			isa = PBXNativeTarget;
			buildConfigurationList = 7A4711A5209FF70300A46035 /* Build configuration list for PBXNativeTarget "AppTest2Tests" */;
			buildPhases = (
				7A47118A209FF70200A46035 /* Sources */,
				7A47118B209FF70200A46035 /* Frameworks */,
				7A47118C209FF70200A46035 /* Resources */,
			);
			buildRules = (
			);
			dependencies = (
				7A471190209FF70200A46035 /* PBXTargetDependency */,
			);
			name = AppTest2Tests;
			productName = AppTest2Tests;
			productReference = 7A47118E209FF70200A46035 /* AppTest2Tests.xctest */;
			productType = "com.apple.product-type.bundle.unit-test";
		};
		7A471198209FF70300A46035 /* AppTest2UITests */ = {
			isa = PBXNativeTarget;
			buildConfigurationList = 7A4711A8209FF70300A46035 /* Build configuration list for PBXNativeTarget "AppTest2UITests" */;
			buildPhases = (
				7A471195209FF70300A46035 /* Sources */,
				7A471196209FF70300A46035 /* Frameworks */,
				7A471197209FF70300A46035 /* Resources */,
			);
			buildRules = (
			);
			dependencies = (
				7A47119B209FF70300A46035 /* PBXTargetDependency */,
			);
			name = AppTest2UITests;
			productName = AppTest2UITests;
			productReference = 7A471199209FF70300A46035 /* AppTest2UITests.xctest */;
			productType = "com.apple.product-type.bundle.ui-testing";
		};
/* End PBXNativeTarget section */

/* Begin PBXProject section */
		7A471172209FF70200A46035 /* Project object */ = {
			isa = PBXProject;
			attributes = {
				LastSwiftUpdateCheck = 0920;
				LastUpgradeCheck = 0920;
				ORGANIZATIONNAME = "Carlos Eduardo Hernandez Aguilar";
				TargetAttributes = {
					7A471179209FF70200A46035 = {
						CreatedOnToolsVersion = 9.2;
						ProvisioningStyle = Automatic;
					};
					7A47118D209FF70200A46035 = {
						CreatedOnToolsVersion = 9.2;
						ProvisioningStyle = Automatic;
						TestTargetID = 7A471179209FF70200A46035;
					};
					7A471198209FF70300A46035 = {
						CreatedOnToolsVersion = 9.2;
						ProvisioningStyle = Automatic;
						TestTargetID = 7A471179209FF70200A46035;
					};
				};
			};
			buildConfigurationList = 7A471175209FF70200A46035 /* Build configuration list for PBXProject "AppTest2" */;
			compatibilityVersion = "Xcode 8.0";
			developmentRegion = en;
			hasScannedForEncodings = 0;
			knownRegions = (
				en,
				Base,
			);
			mainGroup = 7A471171209FF70200A46035;
			productRefGroup = 7A47117B209FF70200A46035 /* Products */;
			projectDirPath = "";
			projectRoot = "";
			targets = (
				7A471179209FF70200A46035 /* AppTest2 */,
				7A47118D209FF70200A46035 /* AppTest2Tests */,
				7A471198209FF70300A46035 /* AppTest2UITests */,
			);
		};
/* End PBXProject section */

/* Begin PBXResourcesBuildPhase section */
		7A471178209FF70200A46035 /* Resources */ = {
			isa = PBXResourcesBuildPhase;
			buildActionMask = 2147483647;
			files = (
				7A471188209FF70200A46035 /* LaunchScreen.storyboard in Resources */,
				7A471185209FF70200A46035 /* Assets.xcassets in Resources */,
				7A471183209FF70200A46035 /* Main.storyboard in Resources */,
			);
			runOnlyForDeploymentPostprocessing = 0;
		};
		7A47118C209FF70200A46035 /* Resources */ = {
			isa = PBXResourcesBuildPhase;
			buildActionMask = 2147483647;
			files = (
			);
			runOnlyForDeploymentPostprocessing = 0;
		};
		7A471197209FF70300A46035 /* Resources */ = {
			isa = PBXResourcesBuildPhase;
			buildActionMask = 2147483647;
			files = (
			);
			runOnlyForDeploymentPostprocessing = 0;
		};
/* End PBXResourcesBuildPhase section */

/* Begin PBXSourcesBuildPhase section */
		7A471176209FF70200A46035 /* Sources */ = {
			isa = PBXSourcesBuildPhase;
			buildActionMask = 2147483647;
			files = (
				7A471180209FF70200A46035 /* ViewController.swift in Sources */,
				7A47117E209FF70200A46035 /* AppDelegate.swift in Sources */,
			);
			runOnlyForDeploymentPostprocessing = 0;
		};
		7A47118A209FF70200A46035 /* Sources */ = {
			isa = PBXSourcesBuildPhase;
			buildActionMask = 2147483647;
			files = (
				7A471193209FF70200A46035 /* AppTest2Tests.swift in Sources */,
			);
			runOnlyForDeploymentPostprocessing = 0;
		};
		7A471195209FF70300A46035 /* Sources */ = {
			isa = PBXSourcesBuildPhase;
			buildActionMask = 2147483647;
			files = (
				7A47119E209FF70300A46035 /* AppTest2UITests.swift in Sources */,
			);
			runOnlyForDeploymentPostprocessing = 0;
		};
/* End PBXSourcesBuildPhase section */

/* Begin PBXTargetDependency section */
		7A471190209FF70200A46035 /* PBXTargetDependency */ = {
			isa = PBXTargetDependency;
			target = 7A471179209FF70200A46035 /* AppTest2 */;
			targetProxy = 7A47118F209FF70200A46035 /* PBXContainerItemProxy */;
		};
		7A47119B209FF70300A46035 /* PBXTargetDependency */ = {
			isa = PBXTargetDependency;
			target = 7A471179209FF70200A46035 /* AppTest2 */;
			targetProxy = 7A47119A209FF70300A46035 /* PBXContainerItemProxy */;
		};
/* End PBXTargetDependency section */

/* Begin PBXVariantGroup section */
		7A471181209FF70200A46035 /* Main.storyboard */ = {
			isa = PBXVariantGroup;
			children = (
				7A471182209FF70200A46035 /* Base */,
			);
			name = Main.storyboard;
			sourceTree = "<group>";
		};
		7A471186209FF70200A46035 /* LaunchScreen.storyboard */ = {
			isa = PBXVariantGroup;
			children = (
				7A471187209FF70200A46035 /* Base */,
			);
			name = LaunchScreen.storyboard;
			sourceTree = "<group>";
		};
/* End PBXVariantGroup section */

/* Begin XCBuildConfiguration section */
		7A4711A0209FF70300A46035 /* Debug */ = {
			isa = XCBuildConfiguration;
			buildSettings = {
				ALWAYS_SEARCH_USER_PATHS = NO;
				CLANG_ANALYZER_NONNULL = YES;
				CLANG_ANALYZER_NUMBER_OBJECT_CONVERSION = YES_AGGRESSIVE;
				CLANG_CXX_LANGUAGE_STANDARD = "gnu++14";
				CLANG_CXX_LIBRARY = "libc++";
				CLANG_ENABLE_MODULES = YES;
				CLANG_ENABLE_OBJC_ARC = YES;
				CLANG_WARN_BLOCK_CAPTURE_AUTORELEASING = YES;
				CLANG_WARN_BOOL_CONVERSION = YES;
				CLANG_WARN_COMMA = YES;
				CLANG_WARN_CONSTANT_CONVERSION = YES;
				CLANG_WARN_DIRECT_OBJC_ISA_USAGE = YES_ERROR;
				CLANG_WARN_DOCUMENTATION_COMMENTS = YES;
				CLANG_WARN_EMPTY_BODY = YES;
				CLANG_WARN_ENUM_CONVERSION = YES;
				CLANG_WARN_INFINITE_RECURSION = YES;
				CLANG_WARN_INT_CONVERSION = YES;
				CLANG_WARN_NON_LITERAL_NULL_CONVERSION = YES;
				CLANG_WARN_OBJC_LITERAL_CONVERSION = YES;
				CLANG_WARN_OBJC_ROOT_CLASS = YES_ERROR;
				CLANG_WARN_RANGE_LOOP_ANALYSIS = YES;
				CLANG_WARN_STRICT_PROTOTYPES = YES;
				CLANG_WARN_SUSPICIOUS_MOVE = YES;
				CLANG_WARN_UNGUARDED_AVAILABILITY = YES_AGGRESSIVE;
				CLANG_WARN_UNREACHABLE_CODE = YES;
				CLANG_WARN__DUPLICATE_METHOD_MATCH = YES;
				CODE_SIGN_IDENTITY = "iPhone Developer";
				COPY_PHASE_STRIP = NO;
				DEBUG_INFORMATION_FORMAT = dwarf;
				ENABLE_STRICT_OBJC_MSGSEND = YES;
				ENABLE_TESTABILITY = YES;
				GCC_C_LANGUAGE_STANDARD = gnu11;
				GCC_DYNAMIC_NO_PIC = NO;
				GCC_NO_COMMON_BLOCKS = YES;
				GCC_OPTIMIZATION_LEVEL = 0;
				GCC_PREPROCESSOR_DEFINITIONS = (
					"DEBUG=1",
					"$(inherited)",
				);
				GCC_WARN_64_TO_32_BIT_CONVERSION = YES;
				GCC_WARN_ABOUT_RETURN_TYPE = YES_ERROR;
				GCC_WARN_UNDECLARED_SELECTOR = YES;
				GCC_WARN_UNINITIALIZED_AUTOS = YES_AGGRESSIVE;
				GCC_WARN_UNUSED_FUNCTION = YES;
				GCC_WARN_UNUSED_VARIABLE = YES;
				IPHONEOS_DEPLOYMENT_TARGET = 11.2;
				MTL_ENABLE_DEBUG_INFO = YES;
				ONLY_ACTIVE_ARCH = YES;
				SDKROOT = iphoneos;
				SWIFT_ACTIVE_COMPILATION_CONDITIONS = DEBUG;
				SWIFT_OPTIMIZATION_LEVEL = "-Onone";
			};
			name = Debug;
		};
		7A4711A1209FF70300A46035 /* Release */ = {
			isa = XCBuildConfiguration;
			buildSettings = {
				ALWAYS_SEARCH_USER_PATHS = NO;
				CLANG_ANALYZER_NONNULL = YES;
				CLANG_ANALYZER_NUMBER_OBJECT_CONVERSION = YES_AGGRESSIVE;
				CLANG_CXX_LANGUAGE_STANDARD = "gnu++14";
				CLANG_CXX_LIBRARY = "libc++";
				CLANG_ENABLE_MODULES = YES;
				CLANG_ENABLE_OBJC_ARC = YES;
				CLANG_WARN_BLOCK_CAPTURE_AUTORELEASING = YES;
				CLANG_WARN_BOOL_CONVERSION = YES;
				CLANG_WARN_COMMA = YES;
				CLANG_WARN_CONSTANT_CONVERSION = YES;
				CLANG_WARN_DIRECT_OBJC_ISA_USAGE = YES_ERROR;
				CLANG_WARN_DOCUMENTATION_COMMENTS = YES;
				CLANG_WARN_EMPTY_BODY = YES;
				CLANG_WARN_ENUM_CONVERSION = YES;
				CLANG_WARN_INFINITE_RECURSION = YES;
				CLANG_WARN_INT_CONVERSION = YES;
				CLANG_WARN_NON_LITERAL_NULL_CONVERSION = YES;
				CLANG_WARN_OBJC_LITERAL_CONVERSION = YES;
				CLANG_WARN_OBJC_ROOT_CLASS = YES_ERROR;
				CLANG_WARN_RANGE_LOOP_ANALYSIS = YES;
				CLANG_WARN_STRICT_PROTOTYPES = YES;
				CLANG_WARN_SUSPICIOUS_MOVE = YES;
				CLANG_WARN_UNGUARDED_AVAILABILITY = YES_AGGRESSIVE;
				CLANG_WARN_UNREACHABLE_CODE = YES;
				CLANG_WARN__DUPLICATE_METHOD_MATCH = YES;
				CODE_SIGN_IDENTITY = "iPhone Developer";
				COPY_PHASE_STRIP = NO;
				DEBUG_INFORMATION_FORMAT = "dwarf-with-dsym";
				ENABLE_NS_ASSERTIONS = NO;
				ENABLE_STRICT_OBJC_MSGSEND = YES;
				GCC_C_LANGUAGE_STANDARD = gnu11;
				GCC_NO_COMMON_BLOCKS = YES;
				GCC_WARN_64_TO_32_BIT_CONVERSION = YES;
				GCC_WARN_ABOUT_RETURN_TYPE = YES_ERROR;
				GCC_WARN_UNDECLARED_SELECTOR = YES;
				GCC_WARN_UNINITIALIZED_AUTOS = YES_AGGRESSIVE;
				GCC_WARN_UNUSED_FUNCTION = YES;
				GCC_WARN_UNUSED_VARIABLE = YES;
				IPHONEOS_DEPLOYMENT_TARGET = 11.2;
				MTL_ENABLE_DEBUG_INFO = NO;
				SDKROOT = iphoneos;
				SWIFT_OPTIMIZATION_LEVEL = "-Owholemodule";
				VALIDATE_PRODUCT = YES;
			};
			name = Release;
		};
		7A4711A3209FF70300A46035 /* Debug */ = {
			isa = XCBuildConfiguration;
			buildSettings = {
				ASSETCATALOG_COMPILER_APPICON_NAME = AppIcon;
				CODE_SIGN_STYLE = Automatic;
				INFOPLIST_FILE = AppTest2/Info.plist;
				LD_RUNPATH_SEARCH_PATHS = "$(inherited) @executable_path/Frameworks";
				PRODUCT_BUNDLE_IDENTIFIER = ceha.AppTest2;
				PRODUCT_NAME = "$(TARGET_NAME)";
				SWIFT_VERSION = 4.0;
				TARGETED_DEVICE_FAMILY = "1,2";
			};
			name = Debug;
		};
		7A4711A4209FF70300A46035 /* Release */ = {
			isa = XCBuildConfiguration;
			buildSettings = {
				ASSETCATALOG_COMPILER_APPICON_NAME = AppIcon;
				CODE_SIGN_STYLE = Automatic;
				INFOPLIST_FILE = AppTest2/Info.plist;
				LD_RUNPATH_SEARCH_PATHS = "$(inherited) @executable_path/Frameworks";
				PRODUCT_BUNDLE_IDENTIFIER = ceha.AppTest2;
				PRODUCT_NAME = "$(TARGET_NAME)";
				SWIFT_VERSION = 4.0;
				TARGETED_DEVICE_FAMILY = "1,2";
			};
			name = Release;
		};
		7A4711A6209FF70300A46035 /* Debug */ = {
			isa = XCBuildConfiguration;
			buildSettings = {
				ALWAYS_EMBED_SWIFT_STANDARD_LIBRARIES = YES;
				BUNDLE_LOADER = "$(TEST_HOST)";
				CODE_SIGN_STYLE = Automatic;
				INFOPLIST_FILE = AppTest2Tests/Info.plist;
				LD_RUNPATH_SEARCH_PATHS = "$(inherited) @executable_path/Frameworks @loader_path/Frameworks";
				PRODUCT_BUNDLE_IDENTIFIER = ceha.AppTest2Tests;
				PRODUCT_NAME = "$(TARGET_NAME)";
				SWIFT_VERSION = 4.0;
				TARGETED_DEVICE_FAMILY = "1,2";
				TEST_HOST = "$(BUILT_PRODUCTS_DIR)/AppTest2.app/AppTest2";
			};
			name = Debug;
		};
		7A4711A7209FF70300A46035 /* Release */ = {
			isa = XCBuildConfiguration;
			buildSettings = {
				ALWAYS_EMBED_SWIFT_STANDARD_LIBRARIES = YES;
				BUNDLE_LOADER = "$(TEST_HOST)";
				CODE_SIGN_STYLE = Automatic;
				INFOPLIST_FILE = AppTest2Tests/Info.plist;
				LD_RUNPATH_SEARCH_PATHS = "$(inherited) @executable_path/Frameworks @loader_path/Frameworks";
				PRODUCT_BUNDLE_IDENTIFIER = ceha.AppTest2Tests;
				PRODUCT_NAME = "$(TARGET_NAME)";
				SWIFT_VERSION = 4.0;
				TARGETED_DEVICE_FAMILY = "1,2";
				TEST_HOST = "$(BUILT_PRODUCTS_DIR)/AppTest2.app/AppTest2";
			};
			name = Release;
		};
		7A4711A9209FF70300A46035 /* Debug */ = {
			isa = XCBuildConfiguration;
			buildSettings = {
				ALWAYS_EMBED_SWIFT_STANDARD_LIBRARIES = YES;
				CODE_SIGN_STYLE = Automatic;
				INFOPLIST_FILE = AppTest2UITests/Info.plist;
				LD_RUNPATH_SEARCH_PATHS = "$(inherited) @executable_path/Frameworks @loader_path/Frameworks";
				PRODUCT_BUNDLE_IDENTIFIER = ceha.AppTest2UITests;
				PRODUCT_NAME = "$(TARGET_NAME)";
				SWIFT_VERSION = 4.0;
				TARGETED_DEVICE_FAMILY = "1,2";
				TEST_TARGET_NAME = AppTest2;
			};
			name = Debug;
		};
		7A4711AA209FF70300A46035 /* Release */ = {
			isa = XCBuildConfiguration;
			buildSettings = {
				ALWAYS_EMBED_SWIFT_STANDARD_LIBRARIES = YES;
				CODE_SIGN_STYLE = Automatic;
				INFOPLIST_FILE = AppTest2UITests/Info.plist;
				LD_RUNPATH_SEARCH_PATHS = "$(inherited) @executable_path/Frameworks @loader_path/Frameworks";
				PRODUCT_BUNDLE_IDENTIFIER = ceha.AppTest2UITests;
				PRODUCT_NAME = "$(TARGET_NAME)";
				SWIFT_VERSION = 4.0;
				TARGETED_DEVICE_FAMILY = "1,2";
				TEST_TARGET_NAME = AppTest2;
			};
			name = Release;
		};
/* End XCBuildConfiguration section */

/* Begin XCConfigurationList section */
		7A471175209FF70200A46035 /* Build configuration list for PBXProject "AppTest2" */ = {
			isa = XCConfigurationList;
			buildConfigurations = (
				7A4711A0209FF70300A46035 /* Debug */,
				7A4711A1209FF70300A46035 /* Release */,
			);
			defaultConfigurationIsVisible = 0;
			defaultConfigurationName = Release;
		};
		7A4711A2209FF70300A46035 /* Build configuration list for PBXNativeTarget "AppTest2" */ = {
			isa = XCConfigurationList;
			buildConfigurations = (
				7A4711A3209FF70300A46035 /* Debug */,
				7A4711A4209FF70300A46035 /* Release */,
			);
			defaultConfigurationIsVisible = 0;
			defaultConfigurationName = Release;
		};
		7A4711A5209FF70300A46035 /* Build configuration list for PBXNativeTarget "AppTest2Tests" */ = {
			isa = XCConfigurationList;
			buildConfigurations = (
				7A4711A6209FF70300A46035 /* Debug */,
				7A4711A7209FF70300A46035 /* Release */,
			);
			defaultConfigurationIsVisible = 0;
			defaultConfigurationName = Release;
		};
		7A4711A8209FF70300A46035 /* Build configuration list for PBXNativeTarget "AppTest2UITests" */ = {
			isa = XCConfigurationList;
			buildConfigurations = (
				7A4711A9209FF70300A46035 /* Debug */,
				7A4711AA209FF70300A46035 /* Release */,
			);
			defaultConfigurationIsVisible = 0;
			defaultConfigurationName = Release;
		};
/* End XCConfigurationList section */
	};
	rootObject = 7A471172209FF70200A46035 /* Project object */;
}
